
Microsoft Visual Studio Solution File, Format Version 12.00
# Visual Studio 15
VisualStudioVersion = 15.0.27428.2043
MinimumVisualStudioVersion = 10.0.40219.1
Project("{9A19103F-16F7-4668-BE54-9A1E7A4F7556}") = "TodoApi", "TodoApi\TodoApi.csproj", "{DDA0A32D-913E-4C4C-BE26-848890017D58}"
EndProject
Project("{9A19103F-16F7-4668-BE54-9A1E7A4F7556}") = "TodoApiTests", "TodoApiTests\TodoApiTests.csproj", "{C459E806-39D0-4368-BEAB-0A2659D84988}"
EndProject
Project("{E53339B2-1760-4266-BCC7-CA923CBCF16C}") = "docker-compose", "docker-compose.dcproj", "{D3310532-C50C-45AF-833A-DB74B31592EB}"
EndProject
Project("{FAE04EC0-301F-11D3-BF4B-00C04F79EFBC}") = "TodoApiUnitTests", "TodoApiUnitTests\TodoApiUnitTests.csproj", "{D0466F1D-9CE4-4688-8BCB-E9EDB701949F}"
EndProject
Global
	GlobalSection(SolutionConfigurationPlatforms) = preSolution
		Debug|Any CPU = Debug|Any CPU
		Release|Any CPU = Release|Any CPU
	EndGlobalSection
	GlobalSection(ProjectConfigurationPlatforms) = postSolution
		{DDA0A32D-913E-4C4C-BE26-848890017D58}.Debug|Any CPU.ActiveCfg = Debug|Any CPU
		{DDA0A32D-913E-4C4C-BE26-848890017D58}.Debug|Any CPU.Build.0 = Debug|Any CPU
		{DDA0A32D-913E-4C4C-BE26-848890017D58}.Release|Any CPU.ActiveCfg = Release|Any CPU
		{DDA0A32D-913E-4C4C-BE26-848890017D58}.Release|Any CPU.Build.0 = Release|Any CPU
		{C459E806-39D0-4368-BEAB-0A2659D84988}.Debug|Any CPU.ActiveCfg = Debug|Any CPU
		{C459E806-39D0-4368-BEAB-0A2659D84988}.Debug|Any CPU.Build.0 = Debug|Any CPU
		{C459E806-39D0-4368-BEAB-0A2659D84988}.Release|Any CPU.ActiveCfg = Release|Any CPU
		{C459E806-39D0-4368-BEAB-0A2659D84988}.Release|Any CPU.Build.0 = Release|Any CPU
		{D3310532-C50C-45AF-833A-DB74B31592EB}.Debug|Any CPU.ActiveCfg = Debug|Any CPU
		{D3310532-C50C-45AF-833A-DB74B31592EB}.Debug|Any CPU.Build.0 = Debug|Any CPU
		{D3310532-C50C-45AF-833A-DB74B31592EB}.Release|Any CPU.ActiveCfg = Release|Any CPU
		{D3310532-C50C-45AF-833A-DB74B31592EB}.Release|Any CPU.Build.0 = Release|Any CPU
		{D0466F1D-9CE4-4688-8BCB-E9EDB701949F}.Debug|Any CPU.ActiveCfg = Debug|Any CPU
		{D0466F1D-9CE4-4688-8BCB-E9EDB701949F}.Debug|Any CPU.Build.0 = Debug|Any CPU
		{D0466F1D-9CE4-4688-8BCB-E9EDB701949F}.Release|Any CPU.ActiveCfg = Release|Any CPU
		{D0466F1D-9CE4-4688-8BCB-E9EDB701949F}.Release|Any CPU.Build.0 = Release|Any CPU
	EndGlobalSection
	GlobalSection(SolutionProperties) = preSolution
		HideSolutionNode = FALSE
	EndGlobalSection
	GlobalSection(ExtensibilityGlobals) = postSolution
		SolutionGuid = {72DA26C2-D82B-4B3A-A6B8-D4C6ED49D958}
	EndGlobalSection
EndGlobal
